
Microsoft Visual Studio Solution File, Format Version 12.00
# Visual Studio 15
VisualStudioVersion = 15.0.26730.3
MinimumVisualStudioVersion = 10.0.40219.1
Project("{FAE04EC0-301F-11D3-BF4B-00C04F79EFBC}") = "helicopter", "helicopter\helicopter.csproj", "{E076385A-2927-47C2-943C-3C4E96BADF1F}"
EndProject
Global
	GlobalSection(SolutionConfigurationPlatforms) = preSolution
		Debug|Any CPU = Debug|Any CPU
		Release|Any CPU = Release|Any CPU
	EndGlobalSection
	GlobalSection(ProjectConfigurationPlatforms) = postSolution
		{E076385A-2927-47C2-943C-3C4E96BADF1F}.Debug|Any CPU.ActiveCfg = Debug|Any CPU
		{E076385A-2927-47C2-943C-3C4E96BADF1F}.Debug|Any CPU.Build.0 = Debug|Any CPU
		{E076385A-2927-47C2-943C-3C4E96BADF1F}.Release|Any CPU.ActiveCfg = Release|Any CPU
		{E076385A-2927-47C2-943C-3C4E96BADF1F}.Release|Any CPU.Build.0 = Release|Any CPU
	EndGlobalSection
	GlobalSection(SolutionProperties) = preSolution
		HideSolutionNode = FALSE
	EndGlobalSection
	GlobalSection(ExtensibilityGlobals) = postSolution
		SolutionGuid = {55104774-81FE-4193-BE7D-9475628EB4DB}
	EndGlobalSection
EndGlobal
